
Microsoft Visual Studio Solution File, Format Version 12.00
# Visual Studio 15
VisualStudioVersion = 15.0.28307.438
MinimumVisualStudioVersion = 10.0.40219.1
Project("{9A19103F-16F7-4668-BE54-9A1E7A4F7556}") = "Core.DataAccessLayer", "Core.Webapi\Core.DataAccessLayer\Core.DataAccessLayer.csproj", "{5C4C39E4-7C7F-412F-9E60-3A3D200DC619}"
EndProject
Project("{9A19103F-16F7-4668-BE54-9A1E7A4F7556}") = "Core.Entities", "Core.Webapi\Core.Entities\Core.Entities.csproj", "{A00E9871-3DD4-42E0-B71C-2C4393CED5BB}"
EndProject
Project("{9A19103F-16F7-4668-BE54-9A1E7A4F7556}") = "Core.Repositories", "Core.Webapi\Core.Repositories\Core.Repositories.csproj", "{1810A9EE-CDBB-4071-B261-A3ACED645158}"
EndProject
Project("{9A19103F-16F7-4668-BE54-9A1E7A4F7556}") = "Core.Webapi", "Core.Webapi\Core.Webapi\Core.Webapi.csproj", "{81423721-F356-4880-A660-2F35FC6260E4}"
EndProject
Project("{00D1A9C2-B5F0-4AF3-8072-F6C62B433612}") = "Database", "Database\Database.sqlproj", "{967958D6-CE6E-4878-BF4F-10B49C4D19B3}"
EndProject
Project("{FAE04EC0-301F-11D3-BF4B-00C04F79EFBC}") = "Core.Common", "Core.Webapi\Core.Common\Core.Common.csproj", "{19B8B4E7-90A5-4AF5-AB61-FA611D4539EA}"
EndProject
Global
	GlobalSection(SolutionConfigurationPlatforms) = preSolution
		Debug|Any CPU = Debug|Any CPU
		Release|Any CPU = Release|Any CPU
	EndGlobalSection
	GlobalSection(ProjectConfigurationPlatforms) = postSolution
		{5C4C39E4-7C7F-412F-9E60-3A3D200DC619}.Debug|Any CPU.ActiveCfg = Debug|Any CPU
		{5C4C39E4-7C7F-412F-9E60-3A3D200DC619}.Debug|Any CPU.Build.0 = Debug|Any CPU
		{5C4C39E4-7C7F-412F-9E60-3A3D200DC619}.Release|Any CPU.ActiveCfg = Release|Any CPU
		{5C4C39E4-7C7F-412F-9E60-3A3D200DC619}.Release|Any CPU.Build.0 = Release|Any CPU
		{A00E9871-3DD4-42E0-B71C-2C4393CED5BB}.Debug|Any CPU.ActiveCfg = Debug|Any CPU
		{A00E9871-3DD4-42E0-B71C-2C4393CED5BB}.Debug|Any CPU.Build.0 = Debug|Any CPU
		{A00E9871-3DD4-42E0-B71C-2C4393CED5BB}.Release|Any CPU.ActiveCfg = Release|Any CPU
		{A00E9871-3DD4-42E0-B71C-2C4393CED5BB}.Release|Any CPU.Build.0 = Release|Any CPU
		{1810A9EE-CDBB-4071-B261-A3ACED645158}.Debug|Any CPU.ActiveCfg = Debug|Any CPU
		{1810A9EE-CDBB-4071-B261-A3ACED645158}.Debug|Any CPU.Build.0 = Debug|Any CPU
		{1810A9EE-CDBB-4071-B261-A3ACED645158}.Release|Any CPU.ActiveCfg = Release|Any CPU
		{1810A9EE-CDBB-4071-B261-A3ACED645158}.Release|Any CPU.Build.0 = Release|Any CPU
		{81423721-F356-4880-A660-2F35FC6260E4}.Debug|Any CPU.ActiveCfg = Debug|Any CPU
		{81423721-F356-4880-A660-2F35FC6260E4}.Debug|Any CPU.Build.0 = Debug|Any CPU
		{81423721-F356-4880-A660-2F35FC6260E4}.Release|Any CPU.ActiveCfg = Release|Any CPU
		{81423721-F356-4880-A660-2F35FC6260E4}.Release|Any CPU.Build.0 = Release|Any CPU
		{967958D6-CE6E-4878-BF4F-10B49C4D19B3}.Debug|Any CPU.ActiveCfg = Debug|Any CPU
		{967958D6-CE6E-4878-BF4F-10B49C4D19B3}.Debug|Any CPU.Build.0 = Debug|Any CPU
		{967958D6-CE6E-4878-BF4F-10B49C4D19B3}.Debug|Any CPU.Deploy.0 = Debug|Any CPU
		{967958D6-CE6E-4878-BF4F-10B49C4D19B3}.Release|Any CPU.ActiveCfg = Release|Any CPU
		{967958D6-CE6E-4878-BF4F-10B49C4D19B3}.Release|Any CPU.Build.0 = Release|Any CPU
		{967958D6-CE6E-4878-BF4F-10B49C4D19B3}.Release|Any CPU.Deploy.0 = Release|Any CPU
		{19B8B4E7-90A5-4AF5-AB61-FA611D4539EA}.Debug|Any CPU.ActiveCfg = Debug|Any CPU
		{19B8B4E7-90A5-4AF5-AB61-FA611D4539EA}.Debug|Any CPU.Build.0 = Debug|Any CPU
		{19B8B4E7-90A5-4AF5-AB61-FA611D4539EA}.Release|Any CPU.ActiveCfg = Release|Any CPU
		{19B8B4E7-90A5-4AF5-AB61-FA611D4539EA}.Release|Any CPU.Build.0 = Release|Any CPU
	EndGlobalSection
	GlobalSection(SolutionProperties) = preSolution
		HideSolutionNode = FALSE
	EndGlobalSection
	GlobalSection(ExtensibilityGlobals) = postSolution
		SolutionGuid = {1D0C01D5-1CF3-4850-BDBA-1AD336D71996}
	EndGlobalSection
EndGlobal
